dependencies:
- name: gateway-helm
  repository: oci://docker.io/envoyproxy
  version: 1.3.0
- name: rustfs
  repository: https://charts.rustfs.com
  version: 0.0.96
- name: zot
  repository: https://zotregistry.dev/helm-charts
  version: 0.1.112
- name: gpu-operator
  repository: https://helm.ngc.nvidia.com/nvidia
  version: v24.9.0
- name: koordinator
  repository: https://koordinator-sh.github.io/charts
  version: 1.5.0
- name: kube-prometheus-stack
  repository: https://prometheus-community.github.io/helm-charts
  version: 65.0.0
digest: sha256:4720fee5bed4efc4aeb0418035ab143e155d8bbcc78b43ff6b671ba2dfd29f01
generated: "2026-05-02T23:15:35.515347+08:00"
